// !$*UTF8*$!
{
	archiveVersion = 1;
	classes = {
	};
	objectVersion = 55;
	objects = {

/* Begin PBXBuildFile section */
		66201E3628197029005FBA24 /* EmergencyNumbers.swift in Sources */ = {isa = PBXBuildFile; fileRef = 66201E3528197029005FBA24 /* EmergencyNumbers.swift */; };
		66508B9C281943FA00CE0290 /* List-Of-Emergency-Telephone-Numbers.json in Resources */ = {isa = PBXBuildFile; fileRef = 66508B9B281943FA00CE0290 /* List-Of-Emergency-Telephone-Numbers.json */; };
		66508B9E2819453200CE0290 /* SettingsViewController.swift in Sources */ = {isa = PBXBuildFile; fileRef = 66508B9D2819453200CE0290 /* SettingsViewController.swift */; };
		667875E228183A2900C43DF9 /* AppDelegate.swift in Sources */ = {isa = PBXBuildFile; fileRef = 667875E128183A2900C43DF9 /* AppDelegate.swift */; };
		667875E428183A2900C43DF9 /* SceneDelegate.swift in Sources */ = {isa = PBXBuildFile; fileRef = 667875E328183A2900C43DF9 /* SceneDelegate.swift */; };
		667875E628183A2900C43DF9 /* EmergencyViewController.swift in Sources */ = {isa = PBXBuildFile; fileRef = 667875E528183A2900C43DF9 /* EmergencyViewController.swift */; };
		667875E928183A2900C43DF9 /* Main.storyboard in Resources */ = {isa = PBXBuildFile; fileRef = 667875E728183A2900C43DF9 /* Main.storyboard */; };
		667875EC28183A2900C43DF9 /* SOS.xcdatamodeld in Sources */ = {isa = PBXBuildFile; fileRef = 667875EA28183A2900C43DF9 /* SOS.xcdatamodeld */; };
		667875EE28183A2A00C43DF9 /* Assets.xcassets in Resources */ = {isa = PBXBuildFile; fileRef = 667875ED28183A2A00C43DF9 /* Assets.xcassets */; };
		667875F128183A2A00C43DF9 /* LaunchScreen.storyboard in Resources */ = {isa = PBXBuildFile; fileRef = 667875EF28183A2A00C43DF9 /* LaunchScreen.storyboard */; };
/* End PBXBuildFile section */

/* Begin PBXFileReference section */
		66201E3528197029005FBA24 /* EmergencyNumbers.swift */ = {isa = PBXFileReference; lastKnownFileType = sourcecode.swift; path = EmergencyNumbers.swift; sourceTree = "<group>"; };
		66508B9B281943FA00CE0290 /* List-Of-Emergency-Telephone-Numbers.json */ = {isa = PBXFileReference; fileEncoding = 4; lastKnownFileType = text.json; path = "List-Of-Emergency-Telephone-Numbers.json"; sourceTree = "<group>"; };
		66508B9D2819453200CE0290 /* SettingsViewController.swift */ = {isa = PBXFileReference; lastKnownFileType = sourcecode.swift; path = SettingsViewController.swift; sourceTree = "<group>"; };
		667875DE28183A2900C43DF9 /* SOS.app */ = {isa = PBXFileReference; explicitFileType = wrapper.application; includeInIndex = 0; path = SOS.app; sourceTree = BUILT_PRODUCTS_DIR; };
		667875E128183A2900C43DF9 /* AppDelegate.swift */ = {isa = PBXFileReference; lastKnownFileType = sourcecode.swift; path = AppDelegate.swift; sourceTree = "<group>"; };
		667875E328183A2900C43DF9 /* SceneDelegate.swift */ = {isa = PBXFileReference; lastKnownFileType = sourcecode.swift; path = SceneDelegate.swift; sourceTree = "<group>"; };
		667875E528183A2900C43DF9 /* EmergencyViewController.swift */ = {isa = PBXFileReference; lastKnownFileType = sourcecode.swift; path = EmergencyViewController.swift; sourceTree = "<group>"; };
		667875E828183A2900C43DF9 /* Base */ = {isa = PBXFileReference; lastKnownFileType = file.storyboard; name = Base; path = Base.lproj/Main.storyboard; sourceTree = "<group>"; };
		667875EB28183A2900C43DF9 /* SOS.xcdatamodel */ = {isa = PBXFileReference; lastKnownFileType = wrapper.xcdatamodel; path = SOS.xcdatamodel; sourceTree = "<group>"; };
		667875ED28183A2A00C43DF9 /* Assets.xcassets */ = {isa = PBXFileReference; lastKnownFileType = folder.assetcatalog; path = Assets.xcassets; sourceTree = "<group>"; };
		667875F028183A2A00C43DF9 /* Base */ = {isa = PBXFileReference; lastKnownFileType = file.storyboard; name = Base; path = Base.lproj/LaunchScreen.storyboard; sourceTree = "<group>"; };
		667875F228183A2A00C43DF9 /* Info.plist */ = {isa = PBXFileReference; lastKnownFileType = text.plist.xml; path = Info.plist; sourceTree = "<group>"; };
/* End PBXFileReference section */

/* Begin PBXFrameworksBuildPhase section */
		667875DB28183A2900C43DF9 /* Frameworks */ = {
			isa = PBXFrameworksBuildPhase;
			buildActionMask = 2147483647;
			files = (
			);
			runOnlyForDeploymentPostprocessing = 0;
		};
/* End PBXFrameworksBuildPhase section */

/* Begin PBXGroup section */
		667875D528183A2900C43DF9 = {
			isa = PBXGroup;
			children = (
				667875E028183A2900C43DF9 /* SOS */,
				667875DF28183A2900C43DF9 /* Products */,
			);
			sourceTree = "<group>";
		};
		667875DF28183A2900C43DF9 /* Products */ = {
			isa = PBXGroup;
			children = (
				667875DE28183A2900C43DF9 /* SOS.app */,
			);
			name = Products;
			sourceTree = "<group>";
		};
		667875E028183A2900C43DF9 /* SOS */ = {
			isa = PBXGroup;
			children = (
				667875E128183A2900C43DF9 /* AppDelegate.swift */,
				667875E328183A2900C43DF9 /* SceneDelegate.swift */,
				667875E528183A2900C43DF9 /* EmergencyViewController.swift */,
				66508B9D2819453200CE0290 /* SettingsViewController.swift */,
				667875E728183A2900C43DF9 /* Main.storyboard */,
				667875ED28183A2A00C43DF9 /* Assets.xcassets */,
				667875EF28183A2A00C43DF9 /* LaunchScreen.storyboard */,
				667875F228183A2A00C43DF9 /* Info.plist */,
				667875EA28183A2900C43DF9 /* SOS.xcdatamodeld */,
				66508B9B281943FA00CE0290 /* List-Of-Emergency-Telephone-Numbers.json */,
				66201E3528197029005FBA24 /* EmergencyNumbers.swift */,
			);
			path = SOS;
			sourceTree = "<group>";
		};
/* End PBXGroup section */

/* Begin PBXNativeTarget section */
		667875DD28183A2900C43DF9 /* SOS */ = {
			isa = PBXNativeTarget;
			buildConfigurationList = 667875F528183A2A00C43DF9 /* Build configuration list for PBXNativeTarget "SOS" */;
			buildPhases = (
				667875DA28183A2900C43DF9 /* Sources */,
				667875DB28183A2900C43DF9 /* Frameworks */,
				667875DC28183A2900C43DF9 /* Resources */,
			);
			buildRules = (
			);
			dependencies = (
			);
			name = SOS;
			productName = SOS;
			productReference = 667875DE28183A2900C43DF9 /* SOS.app */;
			productType = "com.apple.product-type.application";
		};
/* End PBXNativeTarget section */

/* Begin PBXProject section */
		667875D628183A2900C43DF9 /* Project object */ = {
			isa = PBXProject;
			attributes = {
				BuildIndependentTargetsInParallel = 1;
				LastSwiftUpdateCheck = 1330;
				LastUpgradeCheck = 1330;
				TargetAttributes = {
					667875DD28183A2900C43DF9 = {
						CreatedOnToolsVersion = 13.3.1;
					};
				};
			};
			buildConfigurationList = 667875D928183A2900C43DF9 /* Build configuration list for PBXProject "SOS" */;
			compatibilityVersion = "Xcode 13.0";
			developmentRegion = en;
			hasScannedForEncodings = 0;
			knownRegions = (
				en,
				Base,
			);
			mainGroup = 667875D528183A2900C43DF9;
			productRefGroup = 667875DF28183A2900C43DF9 /* Products */;
			projectDirPath = "";
			projectRoot = "";
			targets = (
				667875DD28183A2900C43DF9 /* SOS */,
			);
		};
/* End PBXProject section */

/* Begin PBXResourcesBuildPhase section */
		667875DC28183A2900C43DF9 /* Resources */ = {
			isa = PBXResourcesBuildPhase;
			buildActionMask = 2147483647;
			files = (
				66508B9C281943FA00CE0290 /* List-Of-Emergency-Telephone-Numbers.json in Resources */,
				667875F128183A2A00C43DF9 /* LaunchScreen.storyboard in Resources */,
				667875EE28183A2A00C43DF9 /* Assets.xcassets in Resources */,
				667875E928183A2900C43DF9 /* Main.storyboard in Resources */,
			);
			runOnlyForDeploymentPostprocessing = 0;
		};
/* End PBXResourcesBuildPhase section */

/* Begin PBXSourcesBuildPhase section */
		667875DA28183A2900C43DF9 /* Sources */ = {
			isa = PBXSourcesBuildPhase;
			buildActionMask = 2147483647;
			files = (
				667875E628183A2900C43DF9 /* EmergencyViewController.swift in Sources */,
				667875EC28183A2900C43DF9 /* SOS.xcdatamodeld in Sources */,
				66201E3628197029005FBA24 /* EmergencyNumbers.swift in Sources */,
				667875E228183A2900C43DF9 /* AppDelegate.swift in Sources */,
				66508B9E2819453200CE0290 /* SettingsViewController.swift in Sources */,
				667875E428183A2900C43DF9 /* SceneDelegate.swift in Sources */,
			);
			runOnlyForDeploymentPostprocessing = 0;
		};
/* End PBXSourcesBuildPhase section */

/* Begin PBXVariantGroup section */
		667875E728183A2900C43DF9 /* Main.storyboard */ = {
			isa = PBXVariantGroup;
			children = (
				667875E828183A2900C43DF9 /* Base */,
			);
			name = Main.storyboard;
			sourceTree = "<group>";
		};
		667875EF28183A2A00C43DF9 /* LaunchScreen.storyboard */ = {
			isa = PBXVariantGroup;
			children = (
				667875F028183A2A00C43DF9 /* Base */,
			);
			name = LaunchScreen.storyboard;
			sourceTree = "<group>";
		};
/* End PBXVariantGroup section */

/* Begin XCBuildConfiguration section */
		667875F328183A2A00C43DF9 /* Debug */ = {
			isa = XCBuildConfiguration;
			buildSettings = {
				ALWAYS_SEARCH_USER_PATHS = NO;
				CLANG_ANALYZER_NONNULL = YES;
				CLANG_ANALYZER_NUMBER_OBJECT_CONVERSION = YES_AGGRESSIVE;
				CLANG_CXX_LANGUAGE_STANDARD = "gnu++17";
				CLANG_ENABLE_MODULES = YES;
				CLANG_ENABLE_OBJC_ARC = YES;
				CLANG_ENABLE_OBJC_WEAK = YES;
				CLANG_WARN_BLOCK_CAPTURE_AUTORELEASING = YES;
				CLANG_WARN_BOOL_CONVERSION = YES;
				CLANG_WARN_COMMA = YES;
				CLANG_WARN_CONSTANT_CONVERSION = YES;
				CLANG_WARN_DEPRECATED_OBJC_IMPLEMENTATIONS = YES;
				CLANG_WARN_DIRECT_OBJC_ISA_USAGE = YES_ERROR;
				CLANG_WARN_DOCUMENTATION_COMMENTS = YES;
				CLANG_WARN_EMPTY_BODY = YES;
				CLANG_WARN_ENUM_CONVERSION = YES;
				CLANG_WARN_INFINITE_RECURSION = YES;
				CLANG_WARN_INT_CONVERSION = YES;
				CLANG_WARN_NON_LITERAL_NULL_CONVERSION = YES;
				CLANG_WARN_OBJC_IMPLICIT_RETAIN_SELF = YES;
				CLANG_WARN_OBJC_LITERAL_CONVERSION = YES;
				CLANG_WARN_OBJC_ROOT_CLASS = YES_ERROR;
				CLANG_WARN_QUOTED_INCLUDE_IN_FRAMEWORK_HEADER = YES;
				CLANG_WARN_RANGE_LOOP_ANALYSIS = YES;
				CLANG_WARN_STRICT_PROTOTYPES = YES;
				CLANG_WARN_SUSPICIOUS_MOVE = YES;
				CLANG_WARN_UNGUARDED_AVAILABILITY = YES_AGGRESSIVE;
				CLANG_WARN_UNREACHABLE_CODE = YES;
				CLANG_WARN__DUPLICATE_METHOD_MATCH = YES;
				COPY_PHASE_STRIP = NO;
				DEBUG_INFORMATION_FORMAT = dwarf;
				ENABLE_STRICT_OBJC_MSGSEND = YES;
				ENABLE_TESTABILITY = YES;
				GCC_C_LANGUAGE_STANDARD = gnu11;
				GCC_DYNAMIC_NO_PIC = NO;
				GCC_NO_COMMON_BLOCKS = YES;
				GCC_OPTIMIZATION_LEVEL = 0;
				GCC_PREPROCESSOR_DEFINITIONS = (
					"DEBUG=1",
					"$(inherited)",
				);
				GCC_WARN_64_TO_32_BIT_CONVERSION = YES;
				GCC_WARN_ABOUT_RETURN_TYPE = YES_ERROR;
				GCC_WARN_UNDECLARED_SELECTOR = YES;
				GCC_WARN_UNINITIALIZED_AUTOS = YES_AGGRESSIVE;
				GCC_WARN_UNUSED_FUNCTION = YES;
				GCC_WARN_UNUSED_VARIABLE = YES;
				IPHONEOS_DEPLOYMENT_TARGET = 15.4;
				MTL_ENABLE_DEBUG_INFO = INCLUDE_SOURCE;
				MTL_FAST_MATH = YES;
				ONLY_ACTIVE_ARCH = YES;
				SDKROOT = iphoneos;
				SWIFT_ACTIVE_COMPILATION_CONDITIONS = DEBUG;
				SWIFT_OPTIMIZATION_LEVEL = "-Onone";
			};
			name = Debug;
		};
		667875F428183A2A00C43DF9 /* Release */ = {
			isa = XCBuildConfiguration;
			buildSettings = {
				ALWAYS_SEARCH_USER_PATHS = NO;
				CLANG_ANALYZER_NONNULL = YES;
				CLANG_ANALYZER_NUMBER_OBJECT_CONVERSION = YES_AGGRESSIVE;
				CLANG_CXX_LANGUAGE_STANDARD = "gnu++17";
				CLANG_ENABLE_MODULES = YES;
				CLANG_ENABLE_OBJC_ARC = YES;
				CLANG_ENABLE_OBJC_WEAK = YES;
				CLANG_WARN_BLOCK_CAPTURE_AUTORELEASING = YES;
				CLANG_WARN_BOOL_CONVERSION = YES;
				CLANG_WARN_COMMA = YES;
				CLANG_WARN_CONSTANT_CONVERSION = YES;
				CLANG_WARN_DEPRECATED_OBJC_IMPLEMENTATIONS = YES;
				CLANG_WARN_DIRECT_OBJC_ISA_USAGE = YES_ERROR;
				CLANG_WARN_DOCUMENTATION_COMMENTS = YES;
				CLANG_WARN_EMPTY_BODY = YES;
				CLANG_WARN_ENUM_CONVERSION = YES;
				CLANG_WARN_INFINITE_RECURSION = YES;
				CLANG_WARN_INT_CONVERSION = YES;
				CLANG_WARN_NON_LITERAL_NULL_CONVERSION = YES;
				CLANG_WARN_OBJC_IMPLICIT_RETAIN_SELF = YES;
				CLANG_WARN_OBJC_LITERAL_CONVERSION = YES;
				CLANG_WARN_OBJC_ROOT_CLASS = YES_ERROR;
				CLANG_WARN_QUOTED_INCLUDE_IN_FRAMEWORK_HEADER = YES;
				CLANG_WARN_RANGE_LOOP_ANALYSIS = YES;
				CLANG_WARN_STRICT_PROTOTYPES = YES;
				CLANG_WARN_SUSPICIOUS_MOVE = YES;
				CLANG_WARN_UNGUARDED_AVAILABILITY = YES_AGGRESSIVE;
				CLANG_WARN_UNREACHABLE_CODE = YES;
				CLANG_WARN__DUPLICATE_METHOD_MATCH = YES;
				COPY_PHASE_STRIP = NO;
				DEBUG_INFORMATION_FORMAT = "dwarf-with-dsym";
				ENABLE_NS_ASSERTIONS = NO;
				ENABLE_STRICT_OBJC_MSGSEND = YES;
				GCC_C_LANGUAGE_STANDARD = gnu11;
				GCC_NO_COMMON_BLOCKS = YES;
				GCC_WARN_64_TO_32_BIT_CONVERSION = YES;
				GCC_WARN_ABOUT_RETURN_TYPE = YES_ERROR;
				GCC_WARN_UNDECLARED_SELECTOR = YES;
				GCC_WARN_UNINITIALIZED_AUTOS = YES_AGGRESSIVE;
				GCC_WARN_UNUSED_FUNCTION = YES;
				GCC_WARN_UNUSED_VARIABLE = YES;
				IPHONEOS_DEPLOYMENT_TARGET = 15.4;
				MTL_ENABLE_DEBUG_INFO = NO;
				MTL_FAST_MATH = YES;
				SDKROOT = iphoneos;
				SWIFT_COMPILATION_MODE = wholemodule;
				SWIFT_OPTIMIZATION_LEVEL = "-O";
				VALIDATE_PRODUCT = YES;
			};
			name = Release;
		};
		667875F628183A2A00C43DF9 /* Debug */ = {
			isa = XCBuildConfiguration;
			buildSettings = {
				ASSETCATALOG_COMPILER_APPICON_NAME = AppIcon;
				ASSETCATALOG_COMPILER_GLOBAL_ACCENT_COLOR_NAME = AccentColor;
				CODE_SIGN_STYLE = Automatic;
				CURRENT_PROJECT_VERSION = 1;
				DEVELOPMENT_TEAM = 9NG48CXTPZ;
				GENERATE_INFOPLIST_FILE = YES;
				INFOPLIST_FILE = SOS/Info.plist;
				INFOPLIST_KEY_UIApplicationSupportsIndirectInputEvents = YES;
				INFOPLIST_KEY_UILaunchStoryboardName = LaunchScreen;
				INFOPLIST_KEY_UIMainStoryboardFile = Main;
				INFOPLIST_KEY_UISupportedInterfaceOrientations = "UIInterfaceOrientationPortrait UIInterfaceOrientationPortraitUpsideDown";
				INFOPLIST_KEY_UISupportedInterfaceOrientations_iPad = "UIInterfaceOrientationPortrait UIInterfaceOrientationPortraitUpsideDown UIInterfaceOrientationLandscapeLeft UIInterfaceOrientationLandscapeRight";
				INFOPLIST_KEY_UISupportedInterfaceOrientations_iPhone = UIInterfaceOrientationPortrait;
				LD_RUNPATH_SEARCH_PATHS = (
					"$(inherited)",
					"@executable_path/Frameworks",
				);
				MARKETING_VERSION = 1.0;
				PRODUCT_BUNDLE_IDENTIFIER = adam.SOS;
				PRODUCT_NAME = "$(TARGET_NAME)";
				SWIFT_EMIT_LOC_STRINGS = YES;
				SWIFT_VERSION = 5.0;
				TARGETED_DEVICE_FAMILY = 1;
			};
			name = Debug;
		};
		667875F728183A2A00C43DF9 /* Release */ = {
			isa = XCBuildConfiguration;
			buildSettings = {
				ASSETCATALOG_COMPILER_APPICON_NAME = AppIcon;
				ASSETCATALOG_COMPILER_GLOBAL_ACCENT_COLOR_NAME = AccentColor;
				CODE_SIGN_STYLE = Automatic;
				CURRENT_PROJECT_VERSION = 1;
				DEVELOPMENT_TEAM = 9NG48CXTPZ;
				GENERATE_INFOPLIST_FILE = YES;
				INFOPLIST_FILE = SOS/Info.plist;
				INFOPLIST_KEY_UIApplicationSupportsIndirectInputEvents = YES;
				INFOPLIST_KEY_UILaunchStoryboardName = LaunchScreen;
				INFOPLIST_KEY_UIMainStoryboardFile = Main;
				INFOPLIST_KEY_UISupportedInterfaceOrientations = "UIInterfaceOrientationPortrait UIInterfaceOrientationPortraitUpsideDown";
				INFOPLIST_KEY_UISupportedInterfaceOrientations_iPad = "UIInterfaceOrientationPortrait UIInterfaceOrientationPortraitUpsideDown UIInterfaceOrientationLandscapeLeft UIInterfaceOrientationLandscapeRight";
				INFOPLIST_KEY_UISupportedInterfaceOrientations_iPhone = UIInterfaceOrientationPortrait;
				LD_RUNPATH_SEARCH_PATHS = (
					"$(inherited)",
					"@executable_path/Frameworks",
				);
				MARKETING_VERSION = 1.0;
				PRODUCT_BUNDLE_IDENTIFIER = adam.SOS;
				PRODUCT_NAME = "$(TARGET_NAME)";
				SWIFT_EMIT_LOC_STRINGS = YES;
				SWIFT_VERSION = 5.0;
				TARGETED_DEVICE_FAMILY = 1;
			};
			name = Release;
		};
/* End XCBuildConfiguration section */

/* Begin XCConfigurationList section */
		667875D928183A2900C43DF9 /* Build configuration list for PBXProject "SOS" */ = {
			isa = XCConfigurationList;
			buildConfigurations = (
				667875F328183A2A00C43DF9 /* Debug */,
				667875F428183A2A00C43DF9 /* Release */,
			);
			defaultConfigurationIsVisible = 0;
			defaultConfigurationName = Release;
		};
		667875F528183A2A00C43DF9 /* Build configuration list for PBXNativeTarget "SOS" */ = {
			isa = XCConfigurationList;
			buildConfigurations = (
				667875F628183A2A00C43DF9 /* Debug */,
				667875F728183A2A00C43DF9 /* Release */,
			);
			defaultConfigurationIsVisible = 0;
			defaultConfigurationName = Release;
		};
/* End XCConfigurationList section */

/* Begin XCVersionGroup section */
		667875EA28183A2900C43DF9 /* SOS.xcdatamodeld */ = {
			isa = XCVersionGroup;
			children = (
				667875EB28183A2900C43DF9 /* SOS.xcdatamodel */,
			);
			currentVersion = 667875EB28183A2900C43DF9 /* SOS.xcdatamodel */;
			path = SOS.xcdatamodeld;
			sourceTree = "<group>";
			versionGroupType = wrapper.xcdatamodel;
		};
/* End XCVersionGroup section */
	};
	rootObject = 667875D628183A2900C43DF9 /* Project object */;
}
